
Microsoft Visual Studio Solution File, Format Version 12.00
# Visual Studio Version 17
VisualStudioVersion = 17.3.32922.545
MinimumVisualStudioVersion = 10.0.40219.1
Project("{FAE04EC0-301F-11D3-BF4B-00C04F79EFBC}") = "AddressBookPractice", "AddressBookPractice\AddressBookPractice.csproj", "{35453BF3-DDE9-4F95-B8A8-D8A1BE34059B}"
EndProject
Global
	GlobalSection(SolutionConfigurationPlatforms) = preSolution
		Debug|Any CPU = Debug|Any CPU
		Release|Any CPU = Release|Any CPU
	EndGlobalSection
	GlobalSection(ProjectConfigurationPlatforms) = postSolution
		{35453BF3-DDE9-4F95-B8A8-D8A1BE34059B}.Debug|Any CPU.ActiveCfg = Debug|Any CPU
		{35453BF3-DDE9-4F95-B8A8-D8A1BE34059B}.Debug|Any CPU.Build.0 = Debug|Any CPU
		{35453BF3-DDE9-4F95-B8A8-D8A1BE34059B}.Release|Any CPU.ActiveCfg = Release|Any CPU
		{35453BF3-DDE9-4F95-B8A8-D8A1BE34059B}.Release|Any CPU.Build.0 = Release|Any CPU
	EndGlobalSection
	GlobalSection(SolutionProperties) = preSolution
		HideSolutionNode = FALSE
	EndGlobalSection
	GlobalSection(ExtensibilityGlobals) = postSolution
		SolutionGuid = {13A2A238-6F1A-4678-B3E5-7FAE9009C289}
	EndGlobalSection
EndGlobal
